
Microsoft Visual Studio Solution File, Format Version 12.00
# Visual Studio Version 17
VisualStudioVersion = 17.9.34728.123
MinimumVisualStudioVersion = 10.0.40219.1
Project("{FAE04EC0-301F-11D3-BF4B-00C04F79EFBC}") = "Necrowarp", "Necrowarp.csproj", "{CBC5A54C-1865-4150-91EC-7FEA4CF3C56C}"
EndProject
Global
	GlobalSection(SolutionConfigurationPlatforms) = preSolution
		Debug|Any CPU = Debug|Any CPU
		Release|Any CPU = Release|Any CPU
	EndGlobalSection
	GlobalSection(ProjectConfigurationPlatforms) = postSolution
		{CBC5A54C-1865-4150-91EC-7FEA4CF3C56C}.Debug|Any CPU.ActiveCfg = Debug|Any CPU
		{CBC5A54C-1865-4150-91EC-7FEA4CF3C56C}.Debug|Any CPU.Build.0 = Debug|Any CPU
		{CBC5A54C-1865-4150-91EC-7FEA4CF3C56C}.Release|Any CPU.ActiveCfg = Release|Any CPU
		{CBC5A54C-1865-4150-91EC-7FEA4CF3C56C}.Release|Any CPU.Build.0 = Release|Any CPU
	EndGlobalSection
	GlobalSection(SolutionProperties) = preSolution
		HideSolutionNode = FALSE
	EndGlobalSection
	GlobalSection(ExtensibilityGlobals) = postSolution
		SolutionGuid = {3BEFBA5C-E36A-4A3D-81D7-94130A0506D3}
	EndGlobalSection
EndGlobal
